// !$*UTF8*$!
{
	archiveVersion = 1;
	classes = {
	};
	objectVersion = 46;
	objects = {

/* Begin PBXBuildFile section */
		996381F81E94CEF5008EBED9 /* AppDelegate.swift in Sources */ = {isa = PBXBuildFile; fileRef = 996381F71E94CEF5008EBED9 /* AppDelegate.swift */; };
		996381FA1E94CEF5008EBED9 /* ViewController.swift in Sources */ = {isa = PBXBuildFile; fileRef = 996381F91E94CEF5008EBED9 /* ViewController.swift */; };
		996381FD1E94CEF5008EBED9 /* Main.storyboard in Resources */ = {isa = PBXBuildFile; fileRef = 996381FB1E94CEF5008EBED9 /* Main.storyboard */; };
		996381FF1E94CEF5008EBED9 /* Assets.xcassets in Resources */ = {isa = PBXBuildFile; fileRef = 996381FE1E94CEF5008EBED9 /* Assets.xcassets */; };
		996382021E94CEF5008EBED9 /* LaunchScreen.storyboard in Resources */ = {isa = PBXBuildFile; fileRef = 996382001E94CEF5008EBED9 /* LaunchScreen.storyboard */; };
		9963820A1E94CF8B008EBED9 /* VideoHelper.swift in Sources */ = {isa = PBXBuildFile; fileRef = 996382091E94CF8B008EBED9 /* VideoHelper.swift */; };
		99AC1A591EA8A8E0005FC79A /* SessionHelper.swift in Sources */ = {isa = PBXBuildFile; fileRef = 99AC1A581EA8A8E0005FC79A /* SessionHelper.swift */; };
		99E598BD1E952D54004FE048 /* PictureHelper.swift in Sources */ = {isa = PBXBuildFile; fileRef = 99E598BC1E952D54004FE048 /* PictureHelper.swift */; };
		99E598C21E952E1A004FE048 /* Structures.swift in Sources */ = {isa = PBXBuildFile; fileRef = 99E598C11E952E1A004FE048 /* Structures.swift */; };
		99E598C41E952E6D004FE048 /* AudioHelper.swift in Sources */ = {isa = PBXBuildFile; fileRef = 99E598C31E952E6D004FE048 /* AudioHelper.swift */; };
/* End PBXBuildFile section */

/* Begin PBXFileReference section */
		996381F41E94CEF5008EBED9 /* MediaHandler.app */ = {isa = PBXFileReference; explicitFileType = wrapper.application; includeInIndex = 0; path = MediaHandler.app; sourceTree = BUILT_PRODUCTS_DIR; };
		996381F71E94CEF5008EBED9 /* AppDelegate.swift */ = {isa = PBXFileReference; lastKnownFileType = sourcecode.swift; path = AppDelegate.swift; sourceTree = "<group>"; };
		996381F91E94CEF5008EBED9 /* ViewController.swift */ = {isa = PBXFileReference; lastKnownFileType = sourcecode.swift; path = ViewController.swift; sourceTree = "<group>"; };
		996381FC1E94CEF5008EBED9 /* Base */ = {isa = PBXFileReference; lastKnownFileType = file.storyboard; name = Base; path = Base.lproj/Main.storyboard; sourceTree = "<group>"; };
		996381FE1E94CEF5008EBED9 /* Assets.xcassets */ = {isa = PBXFileReference; lastKnownFileType = folder.assetcatalog; path = Assets.xcassets; sourceTree = "<group>"; };
		996382011E94CEF5008EBED9 /* Base */ = {isa = PBXFileReference; lastKnownFileType = file.storyboard; name = Base; path = Base.lproj/LaunchScreen.storyboard; sourceTree = "<group>"; };
		996382031E94CEF5008EBED9 /* Info.plist */ = {isa = PBXFileReference; lastKnownFileType = text.plist.xml; path = Info.plist; sourceTree = "<group>"; };
		996382091E94CF8B008EBED9 /* VideoHelper.swift */ = {isa = PBXFileReference; fileEncoding = 4; lastKnownFileType = sourcecode.swift; path = VideoHelper.swift; sourceTree = "<group>"; };
		99AC1A581EA8A8E0005FC79A /* SessionHelper.swift */ = {isa = PBXFileReference; fileEncoding = 4; lastKnownFileType = sourcecode.swift; path = SessionHelper.swift; sourceTree = "<group>"; };
		99E598BC1E952D54004FE048 /* PictureHelper.swift */ = {isa = PBXFileReference; fileEncoding = 4; lastKnownFileType = sourcecode.swift; path = PictureHelper.swift; sourceTree = "<group>"; };
		99E598C11E952E1A004FE048 /* Structures.swift */ = {isa = PBXFileReference; fileEncoding = 4; lastKnownFileType = sourcecode.swift; path = Structures.swift; sourceTree = "<group>"; };
		99E598C31E952E6D004FE048 /* AudioHelper.swift */ = {isa = PBXFileReference; fileEncoding = 4; lastKnownFileType = sourcecode.swift; path = AudioHelper.swift; sourceTree = "<group>"; };
/* End PBXFileReference section */

/* Begin PBXFrameworksBuildPhase section */
		996381F11E94CEF5008EBED9 /* Frameworks */ = {
			isa = PBXFrameworksBuildPhase;
			buildActionMask = 2147483647;
			files = (
			);
			runOnlyForDeploymentPostprocessing = 0;
		};
/* End PBXFrameworksBuildPhase section */

/* Begin PBXGroup section */
		996381EB1E94CEF5008EBED9 = {
			isa = PBXGroup;
			children = (
				996381F61E94CEF5008EBED9 /* MediaHandler */,
				996381F51E94CEF5008EBED9 /* Products */,
			);
			sourceTree = "<group>";
		};
		996381F51E94CEF5008EBED9 /* Products */ = {
			isa = PBXGroup;
			children = (
				996381F41E94CEF5008EBED9 /* MediaHandler.app */,
			);
			name = Products;
			sourceTree = "<group>";
		};
		996381F61E94CEF5008EBED9 /* MediaHandler */ = {
			isa = PBXGroup;
			children = (
				99E598BE1E952DF1004FE048 /* MediaHelper */,
				996381F71E94CEF5008EBED9 /* AppDelegate.swift */,
				996381F91E94CEF5008EBED9 /* ViewController.swift */,
				996381FB1E94CEF5008EBED9 /* Main.storyboard */,
				996381FE1E94CEF5008EBED9 /* Assets.xcassets */,
				996382001E94CEF5008EBED9 /* LaunchScreen.storyboard */,
				996382031E94CEF5008EBED9 /* Info.plist */,
			);
			path = MediaHandler;
			sourceTree = "<group>";
		};
		99E598BE1E952DF1004FE048 /* MediaHelper */ = {
			isa = PBXGroup;
			children = (
				99E598BF1E952E05004FE048 /* Structures */,
				996382091E94CF8B008EBED9 /* VideoHelper.swift */,
				99E598BC1E952D54004FE048 /* PictureHelper.swift */,
				99E598C31E952E6D004FE048 /* AudioHelper.swift */,
				99AC1A581EA8A8E0005FC79A /* SessionHelper.swift */,
			);
			name = MediaHelper;
			sourceTree = "<group>";
		};
		99E598BF1E952E05004FE048 /* Structures */ = {
			isa = PBXGroup;
			children = (
				99E598C11E952E1A004FE048 /* Structures.swift */,
			);
			name = Structures;
			sourceTree = "<group>";
		};
/* End PBXGroup section */

/* Begin PBXNativeTarget section */
		996381F31E94CEF5008EBED9 /* MediaHandler */ = {
			isa = PBXNativeTarget;
			buildConfigurationList = 996382061E94CEF5008EBED9 /* Build configuration list for PBXNativeTarget "MediaHandler" */;
			buildPhases = (
				996381F01E94CEF5008EBED9 /* Sources */,
				996381F11E94CEF5008EBED9 /* Frameworks */,
				996381F21E94CEF5008EBED9 /* Resources */,
			);
			buildRules = (
			);
			dependencies = (
			);
			name = MediaHandler;
			productName = MediaHandler;
			productReference = 996381F41E94CEF5008EBED9 /* MediaHandler.app */;
			productType = "com.apple.product-type.application";
		};
/* End PBXNativeTarget section */

/* Begin PBXProject section */
		996381EC1E94CEF5008EBED9 /* Project object */ = {
			isa = PBXProject;
			attributes = {
				LastSwiftUpdateCheck = 0830;
				LastUpgradeCheck = 0830;
				ORGANIZATIONNAME = "Gökhan Mandacı";
				TargetAttributes = {
					996381F31E94CEF5008EBED9 = {
						CreatedOnToolsVersion = 8.3;
						DevelopmentTeam = Z583R7FF8W;
						ProvisioningStyle = Automatic;
					};
				};
			};
			buildConfigurationList = 996381EF1E94CEF5008EBED9 /* Build configuration list for PBXProject "MediaHandler" */;
			compatibilityVersion = "Xcode 3.2";
			developmentRegion = English;
			hasScannedForEncodings = 0;
			knownRegions = (
				en,
				Base,
			);
			mainGroup = 996381EB1E94CEF5008EBED9;
			productRefGroup = 996381F51E94CEF5008EBED9 /* Products */;
			projectDirPath = "";
			projectRoot = "";
			targets = (
				996381F31E94CEF5008EBED9 /* MediaHandler */,
			);
		};
/* End PBXProject section */

/* Begin PBXResourcesBuildPhase section */
		996381F21E94CEF5008EBED9 /* Resources */ = {
			isa = PBXResourcesBuildPhase;
			buildActionMask = 2147483647;
			files = (
				996382021E94CEF5008EBED9 /* LaunchScreen.storyboard in Resources */,
				996381FF1E94CEF5008EBED9 /* Assets.xcassets in Resources */,
				996381FD1E94CEF5008EBED9 /* Main.storyboard in Resources */,
			);
			runOnlyForDeploymentPostprocessing = 0;
		};
/* End PBXResourcesBuildPhase section */

/* Begin PBXSourcesBuildPhase section */
		996381F01E94CEF5008EBED9 /* Sources */ = {
			isa = PBXSourcesBuildPhase;
			buildActionMask = 2147483647;
			files = (
				99E598C41E952E6D004FE048 /* AudioHelper.swift in Sources */,
				99AC1A591EA8A8E0005FC79A /* SessionHelper.swift in Sources */,
				99E598C21E952E1A004FE048 /* Structures.swift in Sources */,
				996381FA1E94CEF5008EBED9 /* ViewController.swift in Sources */,
				9963820A1E94CF8B008EBED9 /* VideoHelper.swift in Sources */,
				99E598BD1E952D54004FE048 /* PictureHelper.swift in Sources */,
				996381F81E94CEF5008EBED9 /* AppDelegate.swift in Sources */,
			);
			runOnlyForDeploymentPostprocessing = 0;
		};
/* End PBXSourcesBuildPhase section */

/* Begin PBXVariantGroup section */
		996381FB1E94CEF5008EBED9 /* Main.storyboard */ = {
			isa = PBXVariantGroup;
			children = (
				996381FC1E94CEF5008EBED9 /* Base */,
			);
			name = Main.storyboard;
			sourceTree = "<group>";
		};
		996382001E94CEF5008EBED9 /* LaunchScreen.storyboard */ = {
			isa = PBXVariantGroup;
			children = (
				996382011E94CEF5008EBED9 /* Base */,
			);
			name = LaunchScreen.storyboard;
			sourceTree = "<group>";
		};
/* End PBXVariantGroup section */

/* Begin XCBuildConfiguration section */
		996382041E94CEF5008EBED9 /* Debug */ = {
			isa = XCBuildConfiguration;
			buildSettings = {
				ALWAYS_SEARCH_USER_PATHS = NO;
				CLANG_ANALYZER_NONNULL = YES;
				CLANG_ANALYZER_NUMBER_OBJECT_CONVERSION = YES_AGGRESSIVE;
				CLANG_CXX_LANGUAGE_STANDARD = "gnu++0x";
				CLANG_CXX_LIBRARY = "libc++";
				CLANG_ENABLE_MODULES = YES;
				CLANG_ENABLE_OBJC_ARC = YES;
				CLANG_WARN_BOOL_CONVERSION = YES;
				CLANG_WARN_CONSTANT_CONVERSION = YES;
				CLANG_WARN_DIRECT_OBJC_ISA_USAGE = YES_ERROR;
				CLANG_WARN_DOCUMENTATION_COMMENTS = YES;
				CLANG_WARN_EMPTY_BODY = YES;
				CLANG_WARN_ENUM_CONVERSION = YES;
				CLANG_WARN_INFINITE_RECURSION = YES;
				CLANG_WARN_INT_CONVERSION = YES;
				CLANG_WARN_OBJC_ROOT_CLASS = YES_ERROR;
				CLANG_WARN_SUSPICIOUS_MOVE = YES;
				CLANG_WARN_UNREACHABLE_CODE = YES;
				CLANG_WARN__DUPLICATE_METHOD_MATCH = YES;
				"CODE_SIGN_IDENTITY[sdk=iphoneos*]" = "iPhone Developer";
				COPY_PHASE_STRIP = NO;
				DEBUG_INFORMATION_FORMAT = dwarf;
				ENABLE_STRICT_OBJC_MSGSEND = YES;
				ENABLE_TESTABILITY = YES;
				GCC_C_LANGUAGE_STANDARD = gnu99;
				GCC_DYNAMIC_NO_PIC = NO;
				GCC_NO_COMMON_BLOCKS = YES;
				GCC_OPTIMIZATION_LEVEL = 0;
				GCC_PREPROCESSOR_DEFINITIONS = (
					"DEBUG=1",
					"$(inherited)",
				);
				GCC_WARN_64_TO_32_BIT_CONVERSION = YES;
				GCC_WARN_ABOUT_RETURN_TYPE = YES_ERROR;
				GCC_WARN_UNDECLARED_SELECTOR = YES;
				GCC_WARN_UNINITIALIZED_AUTOS = YES_AGGRESSIVE;
				GCC_WARN_UNUSED_FUNCTION = YES;
				GCC_WARN_UNUSED_VARIABLE = YES;
				IPHONEOS_DEPLOYMENT_TARGET = 10.3;
				MTL_ENABLE_DEBUG_INFO = YES;
				ONLY_ACTIVE_ARCH = YES;
				SDKROOT = iphoneos;
				SWIFT_ACTIVE_COMPILATION_CONDITIONS = DEBUG;
				SWIFT_OPTIMIZATION_LEVEL = "-Onone";
				TARGETED_DEVICE_FAMILY = "1,2";
			};
			name = Debug;
		};
		996382051E94CEF5008EBED9 /* Release */ = {
			isa = XCBuildConfiguration;
			buildSettings = {
				ALWAYS_SEARCH_USER_PATHS = NO;
				CLANG_ANALYZER_NONNULL = YES;
				CLANG_ANALYZER_NUMBER_OBJECT_CONVERSION = YES_AGGRESSIVE;
				CLANG_CXX_LANGUAGE_STANDARD = "gnu++0x";
				CLANG_CXX_LIBRARY = "libc++";
				CLANG_ENABLE_MODULES = YES;
				CLANG_ENABLE_OBJC_ARC = YES;
				CLANG_WARN_BOOL_CONVERSION = YES;
				CLANG_WARN_CONSTANT_CONVERSION = YES;
				CLANG_WARN_DIRECT_OBJC_ISA_USAGE = YES_ERROR;
				CLANG_WARN_DOCUMENTATION_COMMENTS = YES;
				CLANG_WARN_EMPTY_BODY = YES;
				CLANG_WARN_ENUM_CONVERSION = YES;
				CLANG_WARN_INFINITE_RECURSION = YES;
				CLANG_WARN_INT_CONVERSION = YES;
				CLANG_WARN_OBJC_ROOT_CLASS = YES_ERROR;
				CLANG_WARN_SUSPICIOUS_MOVE = YES;
				CLANG_WARN_UNREACHABLE_CODE = YES;
				CLANG_WARN__DUPLICATE_METHOD_MATCH = YES;
				"CODE_SIGN_IDENTITY[sdk=iphoneos*]" = "iPhone Developer";
				COPY_PHASE_STRIP = NO;
				DEBUG_INFORMATION_FORMAT = "dwarf-with-dsym";
				ENABLE_NS_ASSERTIONS = NO;
				ENABLE_STRICT_OBJC_MSGSEND = YES;
				GCC_C_LANGUAGE_STANDARD = gnu99;
				GCC_NO_COMMON_BLOCKS = YES;
				GCC_WARN_64_TO_32_BIT_CONVERSION = YES;
				GCC_WARN_ABOUT_RETURN_TYPE = YES_ERROR;
				GCC_WARN_UNDECLARED_SELECTOR = YES;
				GCC_WARN_UNINITIALIZED_AUTOS = YES_AGGRESSIVE;
				GCC_WARN_UNUSED_FUNCTION = YES;
				GCC_WARN_UNUSED_VARIABLE = YES;
				IPHONEOS_DEPLOYMENT_TARGET = 10.3;
				MTL_ENABLE_DEBUG_INFO = NO;
				SDKROOT = iphoneos;
				SWIFT_OPTIMIZATION_LEVEL = "-Owholemodule";
				TARGETED_DEVICE_FAMILY = "1,2";
				VALIDATE_PRODUCT = YES;
			};
			name = Release;
		};
		996382071E94CEF5008EBED9 /* Debug */ = {
			isa = XCBuildConfiguration;
			buildSettings = {
				ASSETCATALOG_COMPILER_APPICON_NAME = AppIcon;
				DEVELOPMENT_TEAM = Z583R7FF8W;
				INFOPLIST_FILE = MediaHandler/Info.plist;
				LD_RUNPATH_SEARCH_PATHS = "$(inherited) @executable_path/Frameworks";
				PRODUCT_BUNDLE_IDENTIFIER = com.elektronet.MediaHandler;
				PRODUCT_NAME = "$(TARGET_NAME)";
				SWIFT_VERSION = 3.0;
			};
			name = Debug;
		};
		996382081E94CEF5008EBED9 /* Release */ = {
			isa = XCBuildConfiguration;
			buildSettings = {
				ASSETCATALOG_COMPILER_APPICON_NAME = AppIcon;
				DEVELOPMENT_TEAM = Z583R7FF8W;
				INFOPLIST_FILE = MediaHandler/Info.plist;
				LD_RUNPATH_SEARCH_PATHS = "$(inherited) @executable_path/Frameworks";
				PRODUCT_BUNDLE_IDENTIFIER = com.elektronet.MediaHandler;
				PRODUCT_NAME = "$(TARGET_NAME)";
				SWIFT_VERSION = 3.0;
			};
			name = Release;
		};
/* End XCBuildConfiguration section */

/* Begin XCConfigurationList section */
		996381EF1E94CEF5008EBED9 /* Build configuration list for PBXProject "MediaHandler" */ = {
			isa = XCConfigurationList;
			buildConfigurations = (
				996382041E94CEF5008EBED9 /* Debug */,
				996382051E94CEF5008EBED9 /* Release */,
			);
			defaultConfigurationIsVisible = 0;
			defaultConfigurationName = Release;
		};
		996382061E94CEF5008EBED9 /* Build configuration list for PBXNativeTarget "MediaHandler" */ = {
			isa = XCConfigurationList;
			buildConfigurations = (
				996382071E94CEF5008EBED9 /* Debug */,
				996382081E94CEF5008EBED9 /* Release */,
			);
			defaultConfigurationIsVisible = 0;
			defaultConfigurationName = Release;
		};
/* End XCConfigurationList section */
	};
	rootObject = 996381EC1E94CEF5008EBED9 /* Project object */;
}
